
Microsoft Visual Studio Solution File, Format Version 12.00
# Visual Studio Version 16
VisualStudioVersion = 16.0.28407.52
MinimumVisualStudioVersion = 10.0.40219.1
Project("{FAE04EC0-301F-11D3-BF4B-00C04F79EFBC}") = "WpfApp1", "WpfApp1\WpfApp1.csproj", "{BE718809-C4B7-4F3A-94EE-0DE6D08ABCC4}"
	ProjectSection(ProjectDependencies) = postProject
		{BD2C438E-69FE-4C1E-86BA-A062C739B57C} = {BD2C438E-69FE-4C1E-86BA-A062C739B57C}
	EndProjectSection
EndProject
Project("{FAE04EC0-301F-11D3-BF4B-00C04F79EFBC}") = "LibJvConv", "..\JvApp\LibJvConv\LibJvConv.csproj", "{4769ECC8-0E04-48E3-868E-7442310BBA50}"
EndProject
Project("{2150E333-8FDC-42A3-9474-1A3956D46DE8}") = "Solution Items", "Solution Items", "{A6358137-6B72-4797-89B7-D7FE12901E63}"
	ProjectSection(SolutionItems) = preProject
		WpfApp1\class\InfomationFormSettingClass.cs = WpfApp1\class\InfomationFormSettingClass.cs
	EndProjectSection
EndProject
Project("{FAE04EC0-301F-11D3-BF4B-00C04F79EFBC}") = "LibQrDataAnalyze", "LibQrDataAnalyze\LibQrDataAnalyze.csproj", "{BD2C438E-69FE-4C1E-86BA-A062C739B57C}"
EndProject
Project("{FAE04EC0-301F-11D3-BF4B-00C04F79EFBC}") = "LibJvMsAccessLib", "JvLibMsAccessLib\LibJvMsAccessLib.csproj", "{585D4E6C-78AD-4330-A1FD-1233BE0FDD04}"
EndProject
Project("{FAE04EC0-301F-11D3-BF4B-00C04F79EFBC}") = "LibRaceAnalyze", "LibRaceAnalyze\LibRaceAnalyze.csproj", "{CA776CB5-3CEA-4DE7-9B37-836952392F6D}"
EndProject
Global
	GlobalSection(SolutionConfigurationPlatforms) = preSolution
		Debug|Any CPU = Debug|Any CPU
		Release|Any CPU = Release|Any CPU
	EndGlobalSection
	GlobalSection(ProjectConfigurationPlatforms) = postSolution
		{BE718809-C4B7-4F3A-94EE-0DE6D08ABCC4}.Debug|Any CPU.ActiveCfg = Debug|Any CPU
		{BE718809-C4B7-4F3A-94EE-0DE6D08ABCC4}.Debug|Any CPU.Build.0 = Debug|Any CPU
		{BE718809-C4B7-4F3A-94EE-0DE6D08ABCC4}.Release|Any CPU.ActiveCfg = Release|Any CPU
		{BE718809-C4B7-4F3A-94EE-0DE6D08ABCC4}.Release|Any CPU.Build.0 = Release|Any CPU
		{4769ECC8-0E04-48E3-868E-7442310BBA50}.Debug|Any CPU.ActiveCfg = Debug|Any CPU
		{4769ECC8-0E04-48E3-868E-7442310BBA50}.Debug|Any CPU.Build.0 = Debug|Any CPU
		{4769ECC8-0E04-48E3-868E-7442310BBA50}.Release|Any CPU.ActiveCfg = Release|Any CPU
		{4769ECC8-0E04-48E3-868E-7442310BBA50}.Release|Any CPU.Build.0 = Release|Any CPU
		{BD2C438E-69FE-4C1E-86BA-A062C739B57C}.Debug|Any CPU.ActiveCfg = Debug|Any CPU
		{BD2C438E-69FE-4C1E-86BA-A062C739B57C}.Debug|Any CPU.Build.0 = Debug|Any CPU
		{BD2C438E-69FE-4C1E-86BA-A062C739B57C}.Release|Any CPU.ActiveCfg = Release|Any CPU
		{BD2C438E-69FE-4C1E-86BA-A062C739B57C}.Release|Any CPU.Build.0 = Release|Any CPU
		{585D4E6C-78AD-4330-A1FD-1233BE0FDD04}.Debug|Any CPU.ActiveCfg = Debug|Any CPU
		{585D4E6C-78AD-4330-A1FD-1233BE0FDD04}.Debug|Any CPU.Build.0 = Debug|Any CPU
		{585D4E6C-78AD-4330-A1FD-1233BE0FDD04}.Release|Any CPU.ActiveCfg = Release|Any CPU
		{585D4E6C-78AD-4330-A1FD-1233BE0FDD04}.Release|Any CPU.Build.0 = Release|Any CPU
		{CA776CB5-3CEA-4DE7-9B37-836952392F6D}.Debug|Any CPU.ActiveCfg = Debug|Any CPU
		{CA776CB5-3CEA-4DE7-9B37-836952392F6D}.Debug|Any CPU.Build.0 = Debug|Any CPU
		{CA776CB5-3CEA-4DE7-9B37-836952392F6D}.Release|Any CPU.ActiveCfg = Release|Any CPU
		{CA776CB5-3CEA-4DE7-9B37-836952392F6D}.Release|Any CPU.Build.0 = Release|Any CPU
	EndGlobalSection
	GlobalSection(SolutionProperties) = preSolution
		HideSolutionNode = FALSE
	EndGlobalSection
	GlobalSection(ExtensibilityGlobals) = postSolution
		SolutionGuid = {4CC9A868-09F6-4CB0-AD52-839881BDEB65}
	EndGlobalSection
EndGlobal
